
Microsoft Visual Studio Solution File, Format Version 12.00
# Visual Studio 15
VisualStudioVersion = 15.0.28307.757
MinimumVisualStudioVersion = 10.0.40219.1
Project("{FAE04EC0-301F-11D3-BF4B-00C04F79EFBC}") = "MVC_SKA", "MVC_SKA\MVC_SKA.csproj", "{39537E16-2F1B-4E8D-9CFC-758B4C363C07}"
EndProject
Global
	GlobalSection(SolutionConfigurationPlatforms) = preSolution
		Debug|Any CPU = Debug|Any CPU
		Release|Any CPU = Release|Any CPU
	EndGlobalSection
	GlobalSection(ProjectConfigurationPlatforms) = postSolution
		{39537E16-2F1B-4E8D-9CFC-758B4C363C07}.Debug|Any CPU.ActiveCfg = Debug|Any CPU
		{39537E16-2F1B-4E8D-9CFC-758B4C363C07}.Debug|Any CPU.Build.0 = Debug|Any CPU
		{39537E16-2F1B-4E8D-9CFC-758B4C363C07}.Release|Any CPU.ActiveCfg = Release|Any CPU
		{39537E16-2F1B-4E8D-9CFC-758B4C363C07}.Release|Any CPU.Build.0 = Release|Any CPU
	EndGlobalSection
	GlobalSection(SolutionProperties) = preSolution
		HideSolutionNode = FALSE
	EndGlobalSection
	GlobalSection(ExtensibilityGlobals) = postSolution
		SolutionGuid = {D2FF724D-40DD-4F72-91F9-F381B2018F5D}
	EndGlobalSection
EndGlobal
